// !$*UTF8*$!
{
	archiveVersion = 1;
	classes = {
	};
	objectVersion = 50;
	objects = {

/* Begin PBXBuildFile section */
		3EDEB3447304E90842CA7489 /* APOD.swift in Sources */ = {isa = PBXBuildFile; fileRef = 3EDEBA6FFD6519BF7F77224B /* APOD.swift */; };
		3EDEB3B65BB843D8C4084E1B /* SecondVCViewModel.swift in Sources */ = {isa = PBXBuildFile; fileRef = 3EDEB278583273E35936C5B3 /* SecondVCViewModel.swift */; };
		3EDEB50D74471F3B2EC52676 /* ThirdVCViewModel.swift in Sources */ = {isa = PBXBuildFile; fileRef = 3EDEB47CD21CFB2201F29AA8 /* ThirdVCViewModel.swift */; };
		3EDEB69801BD54A77E24C3E9 /* SpaceCell.swift in Sources */ = {isa = PBXBuildFile; fileRef = 3EDEB3408A45CA2A4AE3F863 /* SpaceCell.swift */; };
		3EDEB8428A7526215E0B91DB /* Extensions.swift in Sources */ = {isa = PBXBuildFile; fileRef = 3EDEB99930E9384DC05B313D /* Extensions.swift */; };
		3EDEB8863AD0ECC64FF0CF55 /* Main.storyboard in Resources */ = {isa = PBXBuildFile; fileRef = 3EDEB0612451F1DC9B8DFAFE /* Main.storyboard */; };
		3EDEB923575F86ED53FFFD12 /* SpaceCellViewModel.swift in Sources */ = {isa = PBXBuildFile; fileRef = 3EDEBEC57DB7AD819DC10838 /* SpaceCellViewModel.swift */; };
		3EDEB9D814C81CBA2873E0E8 /* SecondViewController.swift in Sources */ = {isa = PBXBuildFile; fileRef = 3EDEB6793D91EADD30128EB2 /* SecondViewController.swift */; };
		3EDEBD07273C2FFCF2059AC6 /* FirstViewController.swift in Sources */ = {isa = PBXBuildFile; fileRef = 3EDEB929DBD48930116D8BD1 /* FirstViewController.swift */; };
		F648563426A9678500E6060A /* ThirdViewController.swift in Sources */ = {isa = PBXBuildFile; fileRef = F648563326A9678500E6060A /* ThirdViewController.swift */; };
		F692CC7726A8195600990FF7 /* AppDelegate.swift in Sources */ = {isa = PBXBuildFile; fileRef = F692CC7626A8195600990FF7 /* AppDelegate.swift */; };
		F692CC7926A8195600990FF7 /* SceneDelegate.swift in Sources */ = {isa = PBXBuildFile; fileRef = F692CC7826A8195600990FF7 /* SceneDelegate.swift */; };
		F692CC8026A8195D00990FF7 /* Assets.xcassets in Resources */ = {isa = PBXBuildFile; fileRef = F692CC7F26A8195D00990FF7 /* Assets.xcassets */; };
		F692CC8326A8195D00990FF7 /* LaunchScreen.storyboard in Resources */ = {isa = PBXBuildFile; fileRef = F692CC8126A8195D00990FF7 /* LaunchScreen.storyboard */; };
/* End PBXBuildFile section */

/* Begin PBXFileReference section */
		3EDEB0612451F1DC9B8DFAFE /* Main.storyboard */ = {isa = PBXFileReference; lastKnownFileType = file.storyboard; path = Main.storyboard; sourceTree = "<group>"; };
		3EDEB278583273E35936C5B3 /* SecondVCViewModel.swift */ = {isa = PBXFileReference; fileEncoding = 4; lastKnownFileType = sourcecode.swift; path = SecondVCViewModel.swift; sourceTree = "<group>"; };
		3EDEB3408A45CA2A4AE3F863 /* SpaceCell.swift */ = {isa = PBXFileReference; fileEncoding = 4; lastKnownFileType = sourcecode.swift; path = SpaceCell.swift; sourceTree = "<group>"; };
		3EDEB47CD21CFB2201F29AA8 /* ThirdVCViewModel.swift */ = {isa = PBXFileReference; fileEncoding = 4; lastKnownFileType = sourcecode.swift; path = ThirdVCViewModel.swift; sourceTree = "<group>"; };
		3EDEB6793D91EADD30128EB2 /* SecondViewController.swift */ = {isa = PBXFileReference; fileEncoding = 4; lastKnownFileType = sourcecode.swift; path = SecondViewController.swift; sourceTree = "<group>"; };
		3EDEB929DBD48930116D8BD1 /* FirstViewController.swift */ = {isa = PBXFileReference; fileEncoding = 4; lastKnownFileType = sourcecode.swift; path = FirstViewController.swift; sourceTree = "<group>"; };
		3EDEB99930E9384DC05B313D /* Extensions.swift */ = {isa = PBXFileReference; fileEncoding = 4; lastKnownFileType = sourcecode.swift; path = Extensions.swift; sourceTree = "<group>"; };
		3EDEBA6FFD6519BF7F77224B /* APOD.swift */ = {isa = PBXFileReference; fileEncoding = 4; lastKnownFileType = sourcecode.swift; path = APOD.swift; sourceTree = "<group>"; };
		3EDEBEC57DB7AD819DC10838 /* SpaceCellViewModel.swift */ = {isa = PBXFileReference; fileEncoding = 4; lastKnownFileType = sourcecode.swift; path = SpaceCellViewModel.swift; sourceTree = "<group>"; };
		F648563326A9678500E6060A /* ThirdViewController.swift */ = {isa = PBXFileReference; lastKnownFileType = sourcecode.swift; path = ThirdViewController.swift; sourceTree = "<group>"; };
		F692CC7326A8195600990FF7 /* NASAOpenAPIDemo.app */ = {isa = PBXFileReference; explicitFileType = wrapper.application; includeInIndex = 0; path = NASAOpenAPIDemo.app; sourceTree = BUILT_PRODUCTS_DIR; };
		F692CC7626A8195600990FF7 /* AppDelegate.swift */ = {isa = PBXFileReference; lastKnownFileType = sourcecode.swift; path = AppDelegate.swift; sourceTree = "<group>"; };
		F692CC7826A8195600990FF7 /* SceneDelegate.swift */ = {isa = PBXFileReference; lastKnownFileType = sourcecode.swift; path = SceneDelegate.swift; sourceTree = "<group>"; };
		F692CC7F26A8195D00990FF7 /* Assets.xcassets */ = {isa = PBXFileReference; lastKnownFileType = folder.assetcatalog; path = Assets.xcassets; sourceTree = "<group>"; };
		F692CC8226A8195D00990FF7 /* Base */ = {isa = PBXFileReference; lastKnownFileType = file.storyboard; name = Base; path = Base.lproj/LaunchScreen.storyboard; sourceTree = "<group>"; };
		F692CC8426A8195D00990FF7 /* Info.plist */ = {isa = PBXFileReference; lastKnownFileType = text.plist.xml; path = Info.plist; sourceTree = "<group>"; };
/* End PBXFileReference section */

/* Begin PBXFrameworksBuildPhase section */
		F692CC7026A8195600990FF7 /* Frameworks */ = {
			isa = PBXFrameworksBuildPhase;
			buildActionMask = 2147483647;
			files = (
			);
			runOnlyForDeploymentPostprocessing = 0;
		};
/* End PBXFrameworksBuildPhase section */

/* Begin PBXGroup section */
		3EDEB048D2281C8C2943CCCB /* ViewModel */ = {
			isa = PBXGroup;
			children = (
				3EDEB278583273E35936C5B3 /* SecondVCViewModel.swift */,
				3EDEBEC57DB7AD819DC10838 /* SpaceCellViewModel.swift */,
				3EDEB47CD21CFB2201F29AA8 /* ThirdVCViewModel.swift */,
			);
			path = ViewModel;
			sourceTree = "<group>";
		};
		3EDEB309838522B390438910 /* Model */ = {
			isa = PBXGroup;
			children = (
				3EDEBA6FFD6519BF7F77224B /* APOD.swift */,
				3EDEB99930E9384DC05B313D /* Extensions.swift */,
			);
			path = Model;
			sourceTree = "<group>";
		};
		3EDEB9A308FE72ECD1C47FCC /* View */ = {
			isa = PBXGroup;
			children = (
				3EDEB3408A45CA2A4AE3F863 /* SpaceCell.swift */,
				3EDEB0612451F1DC9B8DFAFE /* Main.storyboard */,
				3EDEB929DBD48930116D8BD1 /* FirstViewController.swift */,
				3EDEB6793D91EADD30128EB2 /* SecondViewController.swift */,
				F648563326A9678500E6060A /* ThirdViewController.swift */,
			);
			path = View;
			sourceTree = "<group>";
		};
		F692CC6A26A8195600990FF7 = {
			isa = PBXGroup;
			children = (
				F692CC7526A8195600990FF7 /* NASAOpenAPIDemo */,
				F692CC7426A8195600990FF7 /* Products */,
			);
			sourceTree = "<group>";
		};
		F692CC7426A8195600990FF7 /* Products */ = {
			isa = PBXGroup;
			children = (
				F692CC7326A8195600990FF7 /* NASAOpenAPIDemo.app */,
			);
			name = Products;
			sourceTree = "<group>";
		};
		F692CC7526A8195600990FF7 /* NASAOpenAPIDemo */ = {
			isa = PBXGroup;
			children = (
				F692CC7626A8195600990FF7 /* AppDelegate.swift */,
				F692CC7826A8195600990FF7 /* SceneDelegate.swift */,
				F692CC7F26A8195D00990FF7 /* Assets.xcassets */,
				F692CC8126A8195D00990FF7 /* LaunchScreen.storyboard */,
				F692CC8426A8195D00990FF7 /* Info.plist */,
				3EDEB9A308FE72ECD1C47FCC /* View */,
				3EDEB048D2281C8C2943CCCB /* ViewModel */,
				3EDEB309838522B390438910 /* Model */,
			);
			path = NASAOpenAPIDemo;
			sourceTree = "<group>";
		};
/* End PBXGroup section */

/* Begin PBXNativeTarget section */
		F692CC7226A8195600990FF7 /* NASAOpenAPIDemo */ = {
			isa = PBXNativeTarget;
			buildConfigurationList = F692CC8726A8195D00990FF7 /* Build configuration list for PBXNativeTarget "NASAOpenAPIDemo" */;
			buildPhases = (
				F692CC6F26A8195600990FF7 /* Sources */,
				F692CC7026A8195600990FF7 /* Frameworks */,
				F692CC7126A8195600990FF7 /* Resources */,
			);
			buildRules = (
			);
			dependencies = (
			);
			name = NASAOpenAPIDemo;
			productName = NASAOpenAPIDemo;
			productReference = F692CC7326A8195600990FF7 /* NASAOpenAPIDemo.app */;
			productType = "com.apple.product-type.application";
		};
/* End PBXNativeTarget section */

/* Begin PBXProject section */
		F692CC6B26A8195600990FF7 /* Project object */ = {
			isa = PBXProject;
			attributes = {
				LastSwiftUpdateCheck = 1240;
				LastUpgradeCheck = 1240;
				TargetAttributes = {
					F692CC7226A8195600990FF7 = {
						CreatedOnToolsVersion = 12.4;
					};
				};
			};
			buildConfigurationList = F692CC6E26A8195600990FF7 /* Build configuration list for PBXProject "NASAOpenAPIDemo" */;
			compatibilityVersion = "Xcode 9.3";
			developmentRegion = en;
			hasScannedForEncodings = 0;
			knownRegions = (
				en,
				Base,
			);
			mainGroup = F692CC6A26A8195600990FF7;
			productRefGroup = F692CC7426A8195600990FF7 /* Products */;
			projectDirPath = "";
			projectRoot = "";
			targets = (
				F692CC7226A8195600990FF7 /* NASAOpenAPIDemo */,
			);
		};
/* End PBXProject section */

/* Begin PBXResourcesBuildPhase section */
		F692CC7126A8195600990FF7 /* Resources */ = {
			isa = PBXResourcesBuildPhase;
			buildActionMask = 2147483647;
			files = (
				F692CC8326A8195D00990FF7 /* LaunchScreen.storyboard in Resources */,
				F692CC8026A8195D00990FF7 /* Assets.xcassets in Resources */,
				3EDEB8863AD0ECC64FF0CF55 /* Main.storyboard in Resources */,
			);
			runOnlyForDeploymentPostprocessing = 0;
		};
/* End PBXResourcesBuildPhase section */

/* Begin PBXSourcesBuildPhase section */
		F692CC6F26A8195600990FF7 /* Sources */ = {
			isa = PBXSourcesBuildPhase;
			buildActionMask = 2147483647;
			files = (
				F692CC7726A8195600990FF7 /* AppDelegate.swift in Sources */,
				F692CC7926A8195600990FF7 /* SceneDelegate.swift in Sources */,
				F648563426A9678500E6060A /* ThirdViewController.swift in Sources */,
				3EDEB69801BD54A77E24C3E9 /* SpaceCell.swift in Sources */,
				3EDEBD07273C2FFCF2059AC6 /* FirstViewController.swift in Sources */,
				3EDEB9D814C81CBA2873E0E8 /* SecondViewController.swift in Sources */,
				3EDEB3B65BB843D8C4084E1B /* SecondVCViewModel.swift in Sources */,
				3EDEB3447304E90842CA7489 /* APOD.swift in Sources */,
				3EDEB923575F86ED53FFFD12 /* SpaceCellViewModel.swift in Sources */,
				3EDEB8428A7526215E0B91DB /* Extensions.swift in Sources */,
				3EDEB50D74471F3B2EC52676 /* ThirdVCViewModel.swift in Sources */,
			);
			runOnlyForDeploymentPostprocessing = 0;
		};
/* End PBXSourcesBuildPhase section */

/* Begin PBXVariantGroup section */
		F692CC8126A8195D00990FF7 /* LaunchScreen.storyboard */ = {
			isa = PBXVariantGroup;
			children = (
				F692CC8226A8195D00990FF7 /* Base */,
			);
			name = LaunchScreen.storyboard;
			sourceTree = "<group>";
		};
/* End PBXVariantGroup section */

/* Begin XCBuildConfiguration section */
		F692CC8526A8195D00990FF7 /* Debug */ = {
			isa = XCBuildConfiguration;
			buildSettings = {
				ALWAYS_SEARCH_USER_PATHS = NO;
				CLANG_ANALYZER_NONNULL = YES;
				CLANG_ANALYZER_NUMBER_OBJECT_CONVERSION = YES_AGGRESSIVE;
				CLANG_CXX_LANGUAGE_STANDARD = "gnu++14";
				CLANG_CXX_LIBRARY = "libc++";
				CLANG_ENABLE_MODULES = YES;
				CLANG_ENABLE_OBJC_ARC = YES;
				CLANG_ENABLE_OBJC_WEAK = YES;
				CLANG_WARN_BLOCK_CAPTURE_AUTORELEASING = YES;
				CLANG_WARN_BOOL_CONVERSION = YES;
				CLANG_WARN_COMMA = YES;
				CLANG_WARN_CONSTANT_CONVERSION = YES;
				CLANG_WARN_DEPRECATED_OBJC_IMPLEMENTATIONS = YES;
				CLANG_WARN_DIRECT_OBJC_ISA_USAGE = YES_ERROR;
				CLANG_WARN_DOCUMENTATION_COMMENTS = YES;
				CLANG_WARN_EMPTY_BODY = YES;
				CLANG_WARN_ENUM_CONVERSION = YES;
				CLANG_WARN_INFINITE_RECURSION = YES;
				CLANG_WARN_INT_CONVERSION = YES;
				CLANG_WARN_NON_LITERAL_NULL_CONVERSION = YES;
				CLANG_WARN_OBJC_IMPLICIT_RETAIN_SELF = YES;
				CLANG_WARN_OBJC_LITERAL_CONVERSION = YES;
				CLANG_WARN_OBJC_ROOT_CLASS = YES_ERROR;
				CLANG_WARN_QUOTED_INCLUDE_IN_FRAMEWORK_HEADER = YES;
				CLANG_WARN_RANGE_LOOP_ANALYSIS = YES;
				CLANG_WARN_STRICT_PROTOTYPES = YES;
				CLANG_WARN_SUSPICIOUS_MOVE = YES;
				CLANG_WARN_UNGUARDED_AVAILABILITY = YES_AGGRESSIVE;
				CLANG_WARN_UNREACHABLE_CODE = YES;
				CLANG_WARN__DUPLICATE_METHOD_MATCH = YES;
				COPY_PHASE_STRIP = NO;
				DEBUG_INFORMATION_FORMAT = dwarf;
				ENABLE_STRICT_OBJC_MSGSEND = YES;
				ENABLE_TESTABILITY = YES;
				GCC_C_LANGUAGE_STANDARD = gnu11;
				GCC_DYNAMIC_NO_PIC = NO;
				GCC_NO_COMMON_BLOCKS = YES;
				GCC_OPTIMIZATION_LEVEL = 0;
				GCC_PREPROCESSOR_DEFINITIONS = (
					"DEBUG=1",
					"$(inherited)",
				);
				GCC_WARN_64_TO_32_BIT_CONVERSION = YES;
				GCC_WARN_ABOUT_RETURN_TYPE = YES_ERROR;
				GCC_WARN_UNDECLARED_SELECTOR = YES;
				GCC_WARN_UNINITIALIZED_AUTOS = YES_AGGRESSIVE;
				GCC_WARN_UNUSED_FUNCTION = YES;
				GCC_WARN_UNUSED_VARIABLE = YES;
				IPHONEOS_DEPLOYMENT_TARGET = 14.4;
				MTL_ENABLE_DEBUG_INFO = INCLUDE_SOURCE;
				MTL_FAST_MATH = YES;
				ONLY_ACTIVE_ARCH = YES;
				SDKROOT = iphoneos;
				SWIFT_ACTIVE_COMPILATION_CONDITIONS = DEBUG;
				SWIFT_OPTIMIZATION_LEVEL = "-Onone";
			};
			name = Debug;
		};
		F692CC8626A8195D00990FF7 /* Release */ = {
			isa = XCBuildConfiguration;
			buildSettings = {
				ALWAYS_SEARCH_USER_PATHS = NO;
				CLANG_ANALYZER_NONNULL = YES;
				CLANG_ANALYZER_NUMBER_OBJECT_CONVERSION = YES_AGGRESSIVE;
				CLANG_CXX_LANGUAGE_STANDARD = "gnu++14";
				CLANG_CXX_LIBRARY = "libc++";
				CLANG_ENABLE_MODULES = YES;
				CLANG_ENABLE_OBJC_ARC = YES;
				CLANG_ENABLE_OBJC_WEAK = YES;
				CLANG_WARN_BLOCK_CAPTURE_AUTORELEASING = YES;
				CLANG_WARN_BOOL_CONVERSION = YES;
				CLANG_WARN_COMMA = YES;
				CLANG_WARN_CONSTANT_CONVERSION = YES;
				CLANG_WARN_DEPRECATED_OBJC_IMPLEMENTATIONS = YES;
				CLANG_WARN_DIRECT_OBJC_ISA_USAGE = YES_ERROR;
				CLANG_WARN_DOCUMENTATION_COMMENTS = YES;
				CLANG_WARN_EMPTY_BODY = YES;
				CLANG_WARN_ENUM_CONVERSION = YES;
				CLANG_WARN_INFINITE_RECURSION = YES;
				CLANG_WARN_INT_CONVERSION = YES;
				CLANG_WARN_NON_LITERAL_NULL_CONVERSION = YES;
				CLANG_WARN_OBJC_IMPLICIT_RETAIN_SELF = YES;
				CLANG_WARN_OBJC_LITERAL_CONVERSION = YES;
				CLANG_WARN_OBJC_ROOT_CLASS = YES_ERROR;
				CLANG_WARN_QUOTED_INCLUDE_IN_FRAMEWORK_HEADER = YES;
				CLANG_WARN_RANGE_LOOP_ANALYSIS = YES;
				CLANG_WARN_STRICT_PROTOTYPES = YES;
				CLANG_WARN_SUSPICIOUS_MOVE = YES;
				CLANG_WARN_UNGUARDED_AVAILABILITY = YES_AGGRESSIVE;
				CLANG_WARN_UNREACHABLE_CODE = YES;
				CLANG_WARN__DUPLICATE_METHOD_MATCH = YES;
				COPY_PHASE_STRIP = NO;
				DEBUG_INFORMATION_FORMAT = "dwarf-with-dsym";
				ENABLE_NS_ASSERTIONS = NO;
				ENABLE_STRICT_OBJC_MSGSEND = YES;
				GCC_C_LANGUAGE_STANDARD = gnu11;
				GCC_NO_COMMON_BLOCKS = YES;
				GCC_WARN_64_TO_32_BIT_CONVERSION = YES;
				GCC_WARN_ABOUT_RETURN_TYPE = YES_ERROR;
				GCC_WARN_UNDECLARED_SELECTOR = YES;
				GCC_WARN_UNINITIALIZED_AUTOS = YES_AGGRESSIVE;
				GCC_WARN_UNUSED_FUNCTION = YES;
				GCC_WARN_UNUSED_VARIABLE = YES;
				IPHONEOS_DEPLOYMENT_TARGET = 14.4;
				MTL_ENABLE_DEBUG_INFO = NO;
				MTL_FAST_MATH = YES;
				SDKROOT = iphoneos;
				SWIFT_COMPILATION_MODE = wholemodule;
				SWIFT_OPTIMIZATION_LEVEL = "-O";
				VALIDATE_PRODUCT = YES;
			};
			name = Release;
		};
		F692CC8826A8195D00990FF7 /* Debug */ = {
			isa = XCBuildConfiguration;
			buildSettings = {
				ASSETCATALOG_COMPILER_APPICON_NAME = AppIcon;
				ASSETCATALOG_COMPILER_GLOBAL_ACCENT_COLOR_NAME = AccentColor;
				CODE_SIGN_STYLE = Automatic;
				DEVELOPMENT_TEAM = 9KMT2XHYS7;
				INFOPLIST_FILE = NASAOpenAPIDemo/Info.plist;
				LD_RUNPATH_SEARCH_PATHS = (
					"$(inherited)",
					"@executable_path/Frameworks",
				);
				PRODUCT_BUNDLE_IDENTIFIER = com.dispy.NASAOpenAPIDemo;
				PRODUCT_NAME = "$(TARGET_NAME)";
				SWIFT_VERSION = 5.0;
				TARGETED_DEVICE_FAMILY = "1,2";
			};
			name = Debug;
		};
		F692CC8926A8195D00990FF7 /* Release */ = {
			isa = XCBuildConfiguration;
			buildSettings = {
				ASSETCATALOG_COMPILER_APPICON_NAME = AppIcon;
				ASSETCATALOG_COMPILER_GLOBAL_ACCENT_COLOR_NAME = AccentColor;
				CODE_SIGN_STYLE = Automatic;
				DEVELOPMENT_TEAM = 9KMT2XHYS7;
				INFOPLIST_FILE = NASAOpenAPIDemo/Info.plist;
				LD_RUNPATH_SEARCH_PATHS = (
					"$(inherited)",
					"@executable_path/Frameworks",
				);
				PRODUCT_BUNDLE_IDENTIFIER = com.dispy.NASAOpenAPIDemo;
				PRODUCT_NAME = "$(TARGET_NAME)";
				SWIFT_VERSION = 5.0;
				TARGETED_DEVICE_FAMILY = "1,2";
			};
			name = Release;
		};
/* End XCBuildConfiguration section */

/* Begin XCConfigurationList section */
		F692CC6E26A8195600990FF7 /* Build configuration list for PBXProject "NASAOpenAPIDemo" */ = {
			isa = XCConfigurationList;
			buildConfigurations = (
				F692CC8526A8195D00990FF7 /* Debug */,
				F692CC8626A8195D00990FF7 /* Release */,
			);
			defaultConfigurationIsVisible = 0;
			defaultConfigurationName = Release;
		};
		F692CC8726A8195D00990FF7 /* Build configuration list for PBXNativeTarget "NASAOpenAPIDemo" */ = {
			isa = XCConfigurationList;
			buildConfigurations = (
				F692CC8826A8195D00990FF7 /* Debug */,
				F692CC8926A8195D00990FF7 /* Release */,
			);
			defaultConfigurationIsVisible = 0;
			defaultConfigurationName = Release;
		};
/* End XCConfigurationList section */
	};
	rootObject = F692CC6B26A8195600990FF7 /* Project object */;
}
